# This file is automatically @generated by Cargo.
# It is not intended for manual editing.
version = 4

[[package]]
name = "div_conquer"
version = "0.1.0"

[[package]]
name = "kmp"
version = "0.1.0"

[[package]]
name = "mo"
version = "0.1.0"

[[package]]
name = "permutation"
version = "0.1.0"

[[package]]
name = "proconio"
version = "0.6.0"
source = "registry+https://github.com/rust-lang/crates.io-index"
checksum = "4a5e55af233c003f8ae4b79a006192e516243c965438dbc318e7459b910b0220"

[[package]]
name = "ranges"
version = "0.1.0"

[[package]]
name = "rle"
version = "0.1.0"

[[package]]
name = "verify"
version = "0.1.0"
dependencies = [
 "div_conquer",
 "mo",
 "permutation",
 "proconio",
 "ranges",
 "rle",
]
