# This file is automatically @generated by Cargo.
# It is not intended for manual editing.
version = 4

[[package]]
name = "dsu"
version = "0.1.0"

[[package]]
name = "scanner"
version = "0.1.0"

[[package]]
name = "segtree"
version = "0.1.0"

[[package]]
name = "verify"
version = "0.1.0"
dependencies = [
 "dsu",
 "scanner",
 "segtree",
]
